# This file is automatically @generated by Cargo.
# It is not intended for manual editing.
[[package]]
name = "bytes"
version = "1.0.1"
source = "registry+https://github.com/rust-lang/crates.io-index"
checksum = "b700ce4376041dcd0a327fd0097c41095743c4c8af8887265942faf1100bd040"

[[package]]
name = "cfg-if"
version = "0.1.10"
source = "registry+https://github.com/rust-lang/crates.io-index"
checksum = "4785bdd1c96b2a846b2bd7cc02e86b6b3dbf14e7e53446c4f54c92a361040822"

[[package]]
name = "cfg-if"
version = "1.0.0"
source = "registry+https://github.com/rust-lang/crates.io-index"
checksum = "baf1de4339761588bc0619e3cbc0120ee582ebb74b53b4efbf79117bd2da40fd"

[[package]]
name = "ckb-standalone-types"
version = "0.0.1-pre.1"
dependencies = [
 "cfg-if 0.1.10",
 "molecule",
]

[[package]]
name = "faster-hex"
version = "0.6.0"
source = "registry+https://github.com/rust-lang/crates.io-index"
checksum = "b02a61fea82de8484f9d7ce99b698b0e190ef8de71035690a961a43d7b18a2ad"

[[package]]
name = "molecule"
version = "0.8.0-alpha"
source = "registry+https://github.com/rust-lang/crates.io-index"
checksum = "c2a06c4afb2f2eada3fac3ccceda52ac4c35bd6d948e75a14c0a3482f4aa5425"
dependencies = [
 "bytes",
 "cfg-if 1.0.0",
 "faster-hex",
]
