# This file is automatically @generated by Cargo.
# It is not intended for manual editing.
version = 3

[[package]]
name = "bytes"
version = "1.1.0"
source = "registry+https://github.com/rust-lang/crates.io-index"
checksum = "c4872d67bab6358e59559027aa3b9157c53d9358c51423c17554809a8858e0f8"

[[package]]
name = "cfg-if"
version = "1.0.0"
source = "registry+https://github.com/rust-lang/crates.io-index"
checksum = "baf1de4339761588bc0619e3cbc0120ee582ebb74b53b4efbf79117bd2da40fd"

[[package]]
name = "ckb-standalone-types"
version = "0.1.2"
dependencies = [
 "cfg-if",
 "molecule",
]

[[package]]
name = "faster-hex"
version = "0.6.0"
source = "registry+https://github.com/rust-lang/crates.io-index"
checksum = "b02a61fea82de8484f9d7ce99b698b0e190ef8de71035690a961a43d7b18a2ad"

[[package]]
name = "molecule"
version = "0.7.2"
source = "registry+https://github.com/rust-lang/crates.io-index"
checksum = "be5f63176422224eadd975789462a96cedaf339cd1009ef92fbdfaad39d35f5f"
dependencies = [
 "bytes",
 "cfg-if",
 "faster-hex",
]
